// !$*UTF8*$!
{
	archiveVersion = 1;
	classes = {
	};
	objectVersion = 46;
	objects = {

/* Begin PBXBuildFile section */
		6BCBBF721AC0E8D0003A0D57 /* Quadratic_hash_table_driver.cpp in Sources */ = {isa = PBXBuildFile; fileRef = 6BCBBF711AC0E8D0003A0D57 /* Quadratic_hash_table_driver.cpp */; };
/* End PBXBuildFile section */

/* Begin PBXCopyFilesBuildPhase section */
		6BCBBF601AC0E85A003A0D57 /* CopyFiles */ = {
			isa = PBXCopyFilesBuildPhase;
			buildActionMask = 2147483647;
			dstPath = /usr/share/man/man1/;
			dstSubfolderSpec = 0;
			files = (
			);
			runOnlyForDeploymentPostprocessing = 1;
		};
/* End PBXCopyFilesBuildPhase section */

/* Begin PBXFileReference section */
		6BCBBF621AC0E85A003A0D57 /* Project4 */ = {isa = PBXFileReference; explicitFileType = "compiled.mach-o.executable"; includeInIndex = 0; path = Project4; sourceTree = BUILT_PRODUCTS_DIR; };
		6BCBBF6D1AC0E8D0003A0D57 /* int.in.txt */ = {isa = PBXFileReference; fileEncoding = 4; lastKnownFileType = text; path = int.in.txt; sourceTree = "<group>"; };
		6BCBBF6E1AC0E8D0003A0D57 /* Quadratic_hash_table_tester.h */ = {isa = PBXFileReference; fileEncoding = 4; lastKnownFileType = sourcecode.c.h; path = Quadratic_hash_table_tester.h; sourceTree = "<group>"; };
		6BCBBF6F1AC0E8D0003A0D57 /* int.out.txt */ = {isa = PBXFileReference; fileEncoding = 4; lastKnownFileType = text; path = int.out.txt; sourceTree = "<group>"; };
		6BCBBF701AC0E8D0003A0D57 /* Quadratic_hash_table.h */ = {isa = PBXFileReference; fileEncoding = 4; lastKnownFileType = sourcecode.c.h; path = Quadratic_hash_table.h; sourceTree = "<group>"; };
		6BCBBF711AC0E8D0003A0D57 /* Quadratic_hash_table_driver.cpp */ = {isa = PBXFileReference; fileEncoding = 4; lastKnownFileType = sourcecode.cpp.cpp; path = Quadratic_hash_table_driver.cpp; sourceTree = "<group>"; };
/* End PBXFileReference section */

/* Begin PBXFrameworksBuildPhase section */
		6BCBBF5F1AC0E85A003A0D57 /* Frameworks */ = {
			isa = PBXFrameworksBuildPhase;
			buildActionMask = 2147483647;
			files = (
			);
			runOnlyForDeploymentPostprocessing = 0;
		};
/* End PBXFrameworksBuildPhase section */

/* Begin PBXGroup section */
		6BCBBF591AC0E85A003A0D57 = {
			isa = PBXGroup;
			children = (
				6BCBBF641AC0E85A003A0D57 /* Project4 */,
				6BCBBF631AC0E85A003A0D57 /* Products */,
			);
			sourceTree = "<group>";
		};
		6BCBBF631AC0E85A003A0D57 /* Products */ = {
			isa = PBXGroup;
			children = (
				6BCBBF621AC0E85A003A0D57 /* Project4 */,
			);
			name = Products;
			sourceTree = "<group>";
		};
		6BCBBF641AC0E85A003A0D57 /* Project4 */ = {
			isa = PBXGroup;
			children = (
				6BCBBF6D1AC0E8D0003A0D57 /* int.in.txt */,
				6BCBBF6E1AC0E8D0003A0D57 /* Quadratic_hash_table_tester.h */,
				6BCBBF6F1AC0E8D0003A0D57 /* int.out.txt */,
				6BCBBF701AC0E8D0003A0D57 /* Quadratic_hash_table.h */,
				6BCBBF711AC0E8D0003A0D57 /* Quadratic_hash_table_driver.cpp */,
			);
			path = Project4;
			sourceTree = "<group>";
		};
/* End PBXGroup section */

/* Begin PBXNativeTarget section */
		6BCBBF611AC0E85A003A0D57 /* Project4 */ = {
			isa = PBXNativeTarget;
			buildConfigurationList = 6BCBBF691AC0E85A003A0D57 /* Build configuration list for PBXNativeTarget "Project4" */;
			buildPhases = (
				6BCBBF5E1AC0E85A003A0D57 /* Sources */,
				6BCBBF5F1AC0E85A003A0D57 /* Frameworks */,
				6BCBBF601AC0E85A003A0D57 /* CopyFiles */,
			);
			buildRules = (
			);
			dependencies = (
			);
			name = Project4;
			productName = Project4;
			productReference = 6BCBBF621AC0E85A003A0D57 /* Project4 */;
			productType = "com.apple.product-type.tool";
		};
/* End PBXNativeTarget section */

/* Begin PBXProject section */
		6BCBBF5A1AC0E85A003A0D57 /* Project object */ = {
			isa = PBXProject;
			attributes = {
				LastUpgradeCheck = 0610;
				ORGANIZATIONNAME = UWaterloo;
				TargetAttributes = {
					6BCBBF611AC0E85A003A0D57 = {
						CreatedOnToolsVersion = 6.1.1;
					};
				};
			};
			buildConfigurationList = 6BCBBF5D1AC0E85A003A0D57 /* Build configuration list for PBXProject "Project4" */;
			compatibilityVersion = "Xcode 3.2";
			developmentRegion = English;
			hasScannedForEncodings = 0;
			knownRegions = (
				en,
			);
			mainGroup = 6BCBBF591AC0E85A003A0D57;
			productRefGroup = 6BCBBF631AC0E85A003A0D57 /* Products */;
			projectDirPath = "";
			projectRoot = "";
			targets = (
				6BCBBF611AC0E85A003A0D57 /* Project4 */,
			);
		};
/* End PBXProject section */

/* Begin PBXSourcesBuildPhase section */
		6BCBBF5E1AC0E85A003A0D57 /* Sources */ = {
			isa = PBXSourcesBuildPhase;
			buildActionMask = 2147483647;
			files = (
				6BCBBF721AC0E8D0003A0D57 /* Quadratic_hash_table_driver.cpp in Sources */,
			);
			runOnlyForDeploymentPostprocessing = 0;
		};
/* End PBXSourcesBuildPhase section */

/* Begin XCBuildConfiguration section */
		6BCBBF671AC0E85A003A0D57 /* Debug */ = {
			isa = XCBuildConfiguration;
			buildSettings = {
				ALWAYS_SEARCH_USER_PATHS = NO;
				CLANG_CXX_LANGUAGE_STANDARD = "gnu++0x";
				CLANG_CXX_LIBRARY = "libc++";
				CLANG_ENABLE_MODULES = YES;
				CLANG_ENABLE_OBJC_ARC = YES;
				CLANG_WARN_BOOL_CONVERSION = YES;
				CLANG_WARN_CONSTANT_CONVERSION = YES;
				CLANG_WARN_DIRECT_OBJC_ISA_USAGE = YES_ERROR;
				CLANG_WARN_EMPTY_BODY = YES;
				CLANG_WARN_ENUM_CONVERSION = YES;
				CLANG_WARN_INT_CONVERSION = YES;
				CLANG_WARN_OBJC_ROOT_CLASS = YES_ERROR;
				CLANG_WARN_UNREACHABLE_CODE = YES;
				CLANG_WARN__DUPLICATE_METHOD_MATCH = YES;
				COPY_PHASE_STRIP = NO;
				ENABLE_STRICT_OBJC_MSGSEND = YES;
				GCC_C_LANGUAGE_STANDARD = gnu99;
				GCC_DYNAMIC_NO_PIC = NO;
				GCC_OPTIMIZATION_LEVEL = 0;
				GCC_PREPROCESSOR_DEFINITIONS = (
					"DEBUG=1",
					"$(inherited)",
				);
				GCC_SYMBOLS_PRIVATE_EXTERN = NO;
				GCC_WARN_64_TO_32_BIT_CONVERSION = YES;
				GCC_WARN_ABOUT_RETURN_TYPE = YES_ERROR;
				GCC_WARN_UNDECLARED_SELECTOR = YES;
				GCC_WARN_UNINITIALIZED_AUTOS = YES_AGGRESSIVE;
				GCC_WARN_UNUSED_FUNCTION = YES;
				GCC_WARN_UNUSED_VARIABLE = YES;
				MACOSX_DEPLOYMENT_TARGET = 10.10;
				MTL_ENABLE_DEBUG_INFO = YES;
				ONLY_ACTIVE_ARCH = YES;
				SDKROOT = macosx;
			};
			name = Debug;
		};
		6BCBBF681AC0E85A003A0D57 /* Release */ = {
			isa = XCBuildConfiguration;
			buildSettings = {
				ALWAYS_SEARCH_USER_PATHS = NO;
				CLANG_CXX_LANGUAGE_STANDARD = "gnu++0x";
				CLANG_CXX_LIBRARY = "libc++";
				CLANG_ENABLE_MODULES = YES;
				CLANG_ENABLE_OBJC_ARC = YES;
				CLANG_WARN_BOOL_CONVERSION = YES;
				CLANG_WARN_CONSTANT_CONVERSION = YES;
				CLANG_WARN_DIRECT_OBJC_ISA_USAGE = YES_ERROR;
				CLANG_WARN_EMPTY_BODY = YES;
				CLANG_WARN_ENUM_CONVERSION = YES;
				CLANG_WARN_INT_CONVERSION = YES;
				CLANG_WARN_OBJC_ROOT_CLASS = YES_ERROR;
				CLANG_WARN_UNREACHABLE_CODE = YES;
				CLANG_WARN__DUPLICATE_METHOD_MATCH = YES;
				COPY_PHASE_STRIP = YES;
				DEBUG_INFORMATION_FORMAT = "dwarf-with-dsym";
				ENABLE_NS_ASSERTIONS = NO;
				ENABLE_STRICT_OBJC_MSGSEND = YES;
				GCC_C_LANGUAGE_STANDARD = gnu99;
				GCC_WARN_64_TO_32_BIT_CONVERSION = YES;
				GCC_WARN_ABOUT_RETURN_TYPE = YES_ERROR;
				GCC_WARN_UNDECLARED_SELECTOR = YES;
				GCC_WARN_UNINITIALIZED_AUTOS = YES_AGGRESSIVE;
				GCC_WARN_UNUSED_FUNCTION = YES;
				GCC_WARN_UNUSED_VARIABLE = YES;
				MACOSX_DEPLOYMENT_TARGET = 10.10;
				MTL_ENABLE_DEBUG_INFO = NO;
				SDKROOT = macosx;
			};
			name = Release;
		};
		6BCBBF6A1AC0E85A003A0D57 /* Debug */ = {
			isa = XCBuildConfiguration;
			buildSettings = {
				PRODUCT_NAME = "$(TARGET_NAME)";
			};
			name = Debug;
		};
		6BCBBF6B1AC0E85A003A0D57 /* Release */ = {
			isa = XCBuildConfiguration;
			buildSettings = {
				PRODUCT_NAME = "$(TARGET_NAME)";
			};
			name = Release;
		};
/* End XCBuildConfiguration section */

/* Begin XCConfigurationList section */
		6BCBBF5D1AC0E85A003A0D57 /* Build configuration list for PBXProject "Project4" */ = {
			isa = XCConfigurationList;
			buildConfigurations = (
				6BCBBF671AC0E85A003A0D57 /* Debug */,
				6BCBBF681AC0E85A003A0D57 /* Release */,
			);
			defaultConfigurationIsVisible = 0;
			defaultConfigurationName = Release;
		};
		6BCBBF691AC0E85A003A0D57 /* Build configuration list for PBXNativeTarget "Project4" */ = {
			isa = XCConfigurationList;
			buildConfigurations = (
				6BCBBF6A1AC0E85A003A0D57 /* Debug */,
				6BCBBF6B1AC0E85A003A0D57 /* Release */,
			);
			defaultConfigurationIsVisible = 0;
		};
/* End XCConfigurationList section */
	};
	rootObject = 6BCBBF5A1AC0E85A003A0D57 /* Project object */;
}
